
Microsoft Visual Studio Solution File, Format Version 12.00
# Visual Studio Version 17
VisualStudioVersion = 17.14.36221.1 d17.14
MinimumVisualStudioVersion = 10.0.40219.1
Project("{FAE04EC0-301F-11D3-BF4B-00C04F79EFBC}") = "OneRelationDemo", "OneRelationDemo.csproj", "{F701F6BD-DD36-4DE2-8459-EC9296F5891B}"
EndProject
Global
	GlobalSection(SolutionConfigurationPlatforms) = preSolution
		Debug|Any CPU = Debug|Any CPU
		Release|Any CPU = Release|Any CPU
	EndGlobalSection
	GlobalSection(ProjectConfigurationPlatforms) = postSolution
		{F701F6BD-DD36-4DE2-8459-EC9296F5891B}.Debug|Any CPU.ActiveCfg = Debug|Any CPU
		{F701F6BD-DD36-4DE2-8459-EC9296F5891B}.Debug|Any CPU.Build.0 = Debug|Any CPU
		{F701F6BD-DD36-4DE2-8459-EC9296F5891B}.Release|Any CPU.ActiveCfg = Release|Any CPU
		{F701F6BD-DD36-4DE2-8459-EC9296F5891B}.Release|Any CPU.Build.0 = Release|Any CPU
	EndGlobalSection
	GlobalSection(SolutionProperties) = preSolution
		HideSolutionNode = FALSE
	EndGlobalSection
	GlobalSection(ExtensibilityGlobals) = postSolution
		SolutionGuid = {D370E0CF-B776-4857-9F72-7DB81A74D165}
	EndGlobalSection
EndGlobal
